
Microsoft Visual Studio Solution File, Format Version 12.00
# Visual Studio Version 17
VisualStudioVersion = 17.3.32825.248
MinimumVisualStudioVersion = 10.0.40219.1
Project("{FAE04EC0-301F-11D3-BF4B-00C04F79EFBC}") = "Crack", "Crack\Crack.csproj", "{ECC39A4F-059E-4DB0-8669-13EF516266F2}"
EndProject
Global
	GlobalSection(SolutionConfigurationPlatforms) = preSolution
		Debug|Any CPU = Debug|Any CPU
		Release|Any CPU = Release|Any CPU
	EndGlobalSection
	GlobalSection(ProjectConfigurationPlatforms) = postSolution
		{ECC39A4F-059E-4DB0-8669-13EF516266F2}.Debug|Any CPU.ActiveCfg = Debug|Any CPU
		{ECC39A4F-059E-4DB0-8669-13EF516266F2}.Debug|Any CPU.Build.0 = Debug|Any CPU
		{ECC39A4F-059E-4DB0-8669-13EF516266F2}.Release|Any CPU.ActiveCfg = Release|Any CPU
		{ECC39A4F-059E-4DB0-8669-13EF516266F2}.Release|Any CPU.Build.0 = Release|Any CPU
	EndGlobalSection
	GlobalSection(SolutionProperties) = preSolution
		HideSolutionNode = FALSE
	EndGlobalSection
	GlobalSection(ExtensibilityGlobals) = postSolution
		SolutionGuid = {F91ACB7F-33C4-4869-B86F-D5DF2BAF075D}
	EndGlobalSection
EndGlobal
